{
  "version": 4,
  "terraform_version": "1.8.2",
  "serial": 8,
  "lineage": "5b8ad545-f17d-b852-f214-9c2da6d07351",
  "outputs": {},
  "resources": [
    {
      "mode": "managed",
      "type": "local_file",
      "name": "name1",
      "provider": "provider[\"registry.terraform.io/hashicorp/local\"]",
      "instances": [
        {
          "schema_version": 0,
          "attributes": {
            "content": "This is random string from RP : 0*X[eaa_y9",
            "content_base64": null,
            "content_base64sha256": "RhLTz/Yei5QK16DgX9Ir6ZB6LQpk1Cq88GpkYhZQu0U=",
            "content_base64sha512": "fflVxwKrK+wdPWPGjvGbYS1fQQiuvnurlfAPEo3Y251ZywORmaJAOwEIaspChfW1P4P+kyGB4VIkoo9dkBslfQ==",
            "content_md5": "287c16f08b122b49012f5ab722cc206b",
            "content_sha1": "48d94a5e2cdec1d022ee2ca46ad79fe448eba240",
            "content_sha256": "4612d3cff61e8b940ad7a0e05fd22be9907a2d0a64d42abcf06a64621650bb45",
            "content_sha512": "7df955c702ab2bec1d3d63c68ef19b612d5f4108aebe7bab95f00f128dd8db9d59cb039199a2403b01086aca4285f5b53f83fe932181e15224a28f5d901b257d",
            "directory_permission": "0777",
            "file_permission": "0777",
            "filename": "implicit.txt",
            "id": "48d94a5e2cdec1d022ee2ca46ad79fe448eba240",
            "sensitive_content": null,
            "source": null
          },
          "sensitive_attributes": [
            [
              {
                "type": "get_attr",
                "value": "sensitive_content"
              }
            ]
          ],
          "dependencies": [
            "random_string.name2"
          ]
        }
      ]
    },
    {
      "mode": "managed",
      "type": "random_string",
      "name": "name2",
      "provider": "provider[\"registry.terraform.io/hashicorp/random\"]",
      "instances": [
        {
          "schema_version": 2,
          "attributes": {
            "id": "0*X[eaa_y9",
            "keepers": null,
            "length": 10,
            "lower": true,
            "min_lower": 0,
            "min_numeric": 0,
            "min_special": 0,
            "min_upper": 0,
            "number": true,
            "numeric": true,
            "override_special": null,
            "result": "0*X[eaa_y9",
            "special": true,
            "upper": true
          },
          "sensitive_attributes": []
        }
      ]
    }
  ],
  "check_results": null
}
